// !$*UTF8*$!
{
	archiveVersion = 1;
	classes = {
	};
	objectVersion = 56;
	objects = {

/* Begin PBXBuildFile section */
		AC162DFB2A923AE400990143 /* GraphQLNetworkTesterApp.swift in Sources */ = {isa = PBXBuildFile; fileRef = AC162DFA2A923AE400990143 /* GraphQLNetworkTesterApp.swift */; };
		AC162DFD2A923AE400990143 /* ContentView.swift in Sources */ = {isa = PBXBuildFile; fileRef = AC162DFC2A923AE400990143 /* ContentView.swift */; };
		AC162DFF2A923AE500990143 /* Assets.xcassets in Resources */ = {isa = PBXBuildFile; fileRef = AC162DFE2A923AE500990143 /* Assets.xcassets */; };
		AC162E022A923AE500990143 /* Preview Assets.xcassets in Resources */ = {isa = PBXBuildFile; fileRef = AC162E012A923AE500990143 /* Preview Assets.xcassets */; };
		AC162E0D2A923AE500990143 /* GraphQLNetworkTesterTests.swift in Sources */ = {isa = PBXBuildFile; fileRef = AC162E0C2A923AE500990143 /* GraphQLNetworkTesterTests.swift */; };
		AC162E172A923AE500990143 /* GraphQLNetworkTesterUITests.swift in Sources */ = {isa = PBXBuildFile; fileRef = AC162E162A923AE500990143 /* GraphQLNetworkTesterUITests.swift */; };
		AC162E192A923AE500990143 /* GraphQLNetworkTesterUITestsLaunchTests.swift in Sources */ = {isa = PBXBuildFile; fileRef = AC162E182A923AE500990143 /* GraphQLNetworkTesterUITestsLaunchTests.swift */; };
		AC162E262A923B0200990143 /* GeneratedModels.swift in Sources */ = {isa = PBXBuildFile; fileRef = AC162E252A923B0200990143 /* GeneratedModels.swift */; };
		AC162E2A2A92578800990143 /* DataLoader.swift in Sources */ = {isa = PBXBuildFile; fileRef = AC162E292A92578800990143 /* DataLoader.swift */; };
		AC162E2C2A9257B200990143 /* Queries.swift in Sources */ = {isa = PBXBuildFile; fileRef = AC162E2B2A9257B200990143 /* Queries.swift */; };
/* End PBXBuildFile section */

/* Begin PBXContainerItemProxy section */
		AC162E092A923AE500990143 /* PBXContainerItemProxy */ = {
			isa = PBXContainerItemProxy;
			containerPortal = AC162DEF2A923AE400990143 /* Project object */;
			proxyType = 1;
			remoteGlobalIDString = AC162DF62A923AE400990143;
			remoteInfo = GraphQLNetworkTester;
		};
		AC162E132A923AE500990143 /* PBXContainerItemProxy */ = {
			isa = PBXContainerItemProxy;
			containerPortal = AC162DEF2A923AE400990143 /* Project object */;
			proxyType = 1;
			remoteGlobalIDString = AC162DF62A923AE400990143;
			remoteInfo = GraphQLNetworkTester;
		};
/* End PBXContainerItemProxy section */

/* Begin PBXFileReference section */
		AC162DF72A923AE400990143 /* GraphQLNetworkTester.app */ = {isa = PBXFileReference; explicitFileType = wrapper.application; includeInIndex = 0; path = GraphQLNetworkTester.app; sourceTree = BUILT_PRODUCTS_DIR; };
		AC162DFA2A923AE400990143 /* GraphQLNetworkTesterApp.swift */ = {isa = PBXFileReference; lastKnownFileType = sourcecode.swift; path = GraphQLNetworkTesterApp.swift; sourceTree = "<group>"; };
		AC162DFC2A923AE400990143 /* ContentView.swift */ = {isa = PBXFileReference; lastKnownFileType = sourcecode.swift; path = ContentView.swift; sourceTree = "<group>"; };
		AC162DFE2A923AE500990143 /* Assets.xcassets */ = {isa = PBXFileReference; lastKnownFileType = folder.assetcatalog; path = Assets.xcassets; sourceTree = "<group>"; };
		AC162E012A923AE500990143 /* Preview Assets.xcassets */ = {isa = PBXFileReference; lastKnownFileType = folder.assetcatalog; path = "Preview Assets.xcassets"; sourceTree = "<group>"; };
		AC162E032A923AE500990143 /* GraphQLNetworkTester.entitlements */ = {isa = PBXFileReference; lastKnownFileType = text.plist.entitlements; path = GraphQLNetworkTester.entitlements; sourceTree = "<group>"; };
		AC162E082A923AE500990143 /* GraphQLNetworkTesterTests.xctest */ = {isa = PBXFileReference; explicitFileType = wrapper.cfbundle; includeInIndex = 0; path = GraphQLNetworkTesterTests.xctest; sourceTree = BUILT_PRODUCTS_DIR; };
		AC162E0C2A923AE500990143 /* GraphQLNetworkTesterTests.swift */ = {isa = PBXFileReference; lastKnownFileType = sourcecode.swift; path = GraphQLNetworkTesterTests.swift; sourceTree = "<group>"; };
		AC162E122A923AE500990143 /* GraphQLNetworkTesterUITests.xctest */ = {isa = PBXFileReference; explicitFileType = wrapper.cfbundle; includeInIndex = 0; path = GraphQLNetworkTesterUITests.xctest; sourceTree = BUILT_PRODUCTS_DIR; };
		AC162E162A923AE500990143 /* GraphQLNetworkTesterUITests.swift */ = {isa = PBXFileReference; lastKnownFileType = sourcecode.swift; path = GraphQLNetworkTesterUITests.swift; sourceTree = "<group>"; };
		AC162E182A923AE500990143 /* GraphQLNetworkTesterUITestsLaunchTests.swift */ = {isa = PBXFileReference; lastKnownFileType = sourcecode.swift; path = GraphQLNetworkTesterUITestsLaunchTests.swift; sourceTree = "<group>"; };
		AC162E252A923B0200990143 /* GeneratedModels.swift */ = {isa = PBXFileReference; lastKnownFileType = sourcecode.swift; path = GeneratedModels.swift; sourceTree = "<group>"; };
		AC162E292A92578800990143 /* DataLoader.swift */ = {isa = PBXFileReference; lastKnownFileType = sourcecode.swift; path = DataLoader.swift; sourceTree = "<group>"; };
		AC162E2B2A9257B200990143 /* Queries.swift */ = {isa = PBXFileReference; lastKnownFileType = sourcecode.swift; path = Queries.swift; sourceTree = "<group>"; };
/* End PBXFileReference section */

/* Begin PBXFrameworksBuildPhase section */
		AC162DF42A923AE400990143 /* Frameworks */ = {
			isa = PBXFrameworksBuildPhase;
			buildActionMask = 2147483647;
			files = (
			);
			runOnlyForDeploymentPostprocessing = 0;
		};
		AC162E052A923AE500990143 /* Frameworks */ = {
			isa = PBXFrameworksBuildPhase;
			buildActionMask = 2147483647;
			files = (
			);
			runOnlyForDeploymentPostprocessing = 0;
		};
		AC162E0F2A923AE500990143 /* Frameworks */ = {
			isa = PBXFrameworksBuildPhase;
			buildActionMask = 2147483647;
			files = (
			);
			runOnlyForDeploymentPostprocessing = 0;
		};
/* End PBXFrameworksBuildPhase section */

/* Begin PBXGroup section */
		AC162DEE2A923AE400990143 = {
			isa = PBXGroup;
			children = (
				AC162DF92A923AE400990143 /* GraphQLNetworkTester */,
				AC162E0B2A923AE500990143 /* GraphQLNetworkTesterTests */,
				AC162E152A923AE500990143 /* GraphQLNetworkTesterUITests */,
				AC162DF82A923AE400990143 /* Products */,
			);
			sourceTree = "<group>";
		};
		AC162DF82A923AE400990143 /* Products */ = {
			isa = PBXGroup;
			children = (
				AC162DF72A923AE400990143 /* GraphQLNetworkTester.app */,
				AC162E082A923AE500990143 /* GraphQLNetworkTesterTests.xctest */,
				AC162E122A923AE500990143 /* GraphQLNetworkTesterUITests.xctest */,
			);
			name = Products;
			sourceTree = "<group>";
		};
		AC162DF92A923AE400990143 /* GraphQLNetworkTester */ = {
			isa = PBXGroup;
			children = (
				AC162DFA2A923AE400990143 /* GraphQLNetworkTesterApp.swift */,
				AC162DFC2A923AE400990143 /* ContentView.swift */,
				AC162DFE2A923AE500990143 /* Assets.xcassets */,
				AC162E032A923AE500990143 /* GraphQLNetworkTester.entitlements */,
				AC162E002A923AE500990143 /* Preview Content */,
				AC162E252A923B0200990143 /* GeneratedModels.swift */,
				AC162E292A92578800990143 /* DataLoader.swift */,
				AC162E2B2A9257B200990143 /* Queries.swift */,
			);
			path = GraphQLNetworkTester;
			sourceTree = "<group>";
		};
		AC162E002A923AE500990143 /* Preview Content */ = {
			isa = PBXGroup;
			children = (
				AC162E012A923AE500990143 /* Preview Assets.xcassets */,
			);
			path = "Preview Content";
			sourceTree = "<group>";
		};
		AC162E0B2A923AE500990143 /* GraphQLNetworkTesterTests */ = {
			isa = PBXGroup;
			children = (
				AC162E0C2A923AE500990143 /* GraphQLNetworkTesterTests.swift */,
			);
			path = GraphQLNetworkTesterTests;
			sourceTree = "<group>";
		};
		AC162E152A923AE500990143 /* GraphQLNetworkTesterUITests */ = {
			isa = PBXGroup;
			children = (
				AC162E162A923AE500990143 /* GraphQLNetworkTesterUITests.swift */,
				AC162E182A923AE500990143 /* GraphQLNetworkTesterUITestsLaunchTests.swift */,
			);
			path = GraphQLNetworkTesterUITests;
			sourceTree = "<group>";
		};
/* End PBXGroup section */

/* Begin PBXNativeTarget section */
		AC162DF62A923AE400990143 /* GraphQLNetworkTester */ = {
			isa = PBXNativeTarget;
			buildConfigurationList = AC162E1C2A923AE500990143 /* Build configuration list for PBXNativeTarget "GraphQLNetworkTester" */;
			buildPhases = (
				AC162DF32A923AE400990143 /* Sources */,
				AC162DF42A923AE400990143 /* Frameworks */,
				AC162DF52A923AE400990143 /* Resources */,
			);
			buildRules = (
			);
			dependencies = (
			);
			name = GraphQLNetworkTester;
			productName = GraphQLNetworkTester;
			productReference = AC162DF72A923AE400990143 /* GraphQLNetworkTester.app */;
			productType = "com.apple.product-type.application";
		};
		AC162E072A923AE500990143 /* GraphQLNetworkTesterTests */ = {
			isa = PBXNativeTarget;
			buildConfigurationList = AC162E1F2A923AE500990143 /* Build configuration list for PBXNativeTarget "GraphQLNetworkTesterTests" */;
			buildPhases = (
				AC162E042A923AE500990143 /* Sources */,
				AC162E052A923AE500990143 /* Frameworks */,
				AC162E062A923AE500990143 /* Resources */,
			);
			buildRules = (
			);
			dependencies = (
				AC162E0A2A923AE500990143 /* PBXTargetDependency */,
			);
			name = GraphQLNetworkTesterTests;
			productName = GraphQLNetworkTesterTests;
			productReference = AC162E082A923AE500990143 /* GraphQLNetworkTesterTests.xctest */;
			productType = "com.apple.product-type.bundle.unit-test";
		};
		AC162E112A923AE500990143 /* GraphQLNetworkTesterUITests */ = {
			isa = PBXNativeTarget;
			buildConfigurationList = AC162E222A923AE500990143 /* Build configuration list for PBXNativeTarget "GraphQLNetworkTesterUITests" */;
			buildPhases = (
				AC162E0E2A923AE500990143 /* Sources */,
				AC162E0F2A923AE500990143 /* Frameworks */,
				AC162E102A923AE500990143 /* Resources */,
			);
			buildRules = (
			);
			dependencies = (
				AC162E142A923AE500990143 /* PBXTargetDependency */,
			);
			name = GraphQLNetworkTesterUITests;
			productName = GraphQLNetworkTesterUITests;
			productReference = AC162E122A923AE500990143 /* GraphQLNetworkTesterUITests.xctest */;
			productType = "com.apple.product-type.bundle.ui-testing";
		};
/* End PBXNativeTarget section */

/* Begin PBXProject section */
		AC162DEF2A923AE400990143 /* Project object */ = {
			isa = PBXProject;
			attributes = {
				BuildIndependentTargetsInParallel = 1;
				LastSwiftUpdateCheck = 1430;
				LastUpgradeCheck = 1430;
				TargetAttributes = {
					AC162DF62A923AE400990143 = {
						CreatedOnToolsVersion = 14.3.1;
					};
					AC162E072A923AE500990143 = {
						CreatedOnToolsVersion = 14.3.1;
						TestTargetID = AC162DF62A923AE400990143;
					};
					AC162E112A923AE500990143 = {
						CreatedOnToolsVersion = 14.3.1;
						TestTargetID = AC162DF62A923AE400990143;
					};
				};
			};
			buildConfigurationList = AC162DF22A923AE400990143 /* Build configuration list for PBXProject "GraphQLNetworkTester" */;
			compatibilityVersion = "Xcode 14.0";
			developmentRegion = en;
			hasScannedForEncodings = 0;
			knownRegions = (
				en,
				Base,
			);
			mainGroup = AC162DEE2A923AE400990143;
			productRefGroup = AC162DF82A923AE400990143 /* Products */;
			projectDirPath = "";
			projectRoot = "";
			targets = (
				AC162DF62A923AE400990143 /* GraphQLNetworkTester */,
				AC162E072A923AE500990143 /* GraphQLNetworkTesterTests */,
				AC162E112A923AE500990143 /* GraphQLNetworkTesterUITests */,
			);
		};
/* End PBXProject section */

/* Begin PBXResourcesBuildPhase section */
		AC162DF52A923AE400990143 /* Resources */ = {
			isa = PBXResourcesBuildPhase;
			buildActionMask = 2147483647;
			files = (
				AC162E022A923AE500990143 /* Preview Assets.xcassets in Resources */,
				AC162DFF2A923AE500990143 /* Assets.xcassets in Resources */,
			);
			runOnlyForDeploymentPostprocessing = 0;
		};
		AC162E062A923AE500990143 /* Resources */ = {
			isa = PBXResourcesBuildPhase;
			buildActionMask = 2147483647;
			files = (
			);
			runOnlyForDeploymentPostprocessing = 0;
		};
		AC162E102A923AE500990143 /* Resources */ = {
			isa = PBXResourcesBuildPhase;
			buildActionMask = 2147483647;
			files = (
			);
			runOnlyForDeploymentPostprocessing = 0;
		};
/* End PBXResourcesBuildPhase section */

/* Begin PBXSourcesBuildPhase section */
		AC162DF32A923AE400990143 /* Sources */ = {
			isa = PBXSourcesBuildPhase;
			buildActionMask = 2147483647;
			files = (
				AC162E2C2A9257B200990143 /* Queries.swift in Sources */,
				AC162E2A2A92578800990143 /* DataLoader.swift in Sources */,
				AC162DFD2A923AE400990143 /* ContentView.swift in Sources */,
				AC162DFB2A923AE400990143 /* GraphQLNetworkTesterApp.swift in Sources */,
				AC162E262A923B0200990143 /* GeneratedModels.swift in Sources */,
			);
			runOnlyForDeploymentPostprocessing = 0;
		};
		AC162E042A923AE500990143 /* Sources */ = {
			isa = PBXSourcesBuildPhase;
			buildActionMask = 2147483647;
			files = (
				AC162E0D2A923AE500990143 /* GraphQLNetworkTesterTests.swift in Sources */,
			);
			runOnlyForDeploymentPostprocessing = 0;
		};
		AC162E0E2A923AE500990143 /* Sources */ = {
			isa = PBXSourcesBuildPhase;
			buildActionMask = 2147483647;
			files = (
				AC162E192A923AE500990143 /* GraphQLNetworkTesterUITestsLaunchTests.swift in Sources */,
				AC162E172A923AE500990143 /* GraphQLNetworkTesterUITests.swift in Sources */,
			);
			runOnlyForDeploymentPostprocessing = 0;
		};
/* End PBXSourcesBuildPhase section */

/* Begin PBXTargetDependency section */
		AC162E0A2A923AE500990143 /* PBXTargetDependency */ = {
			isa = PBXTargetDependency;
			target = AC162DF62A923AE400990143 /* GraphQLNetworkTester */;
			targetProxy = AC162E092A923AE500990143 /* PBXContainerItemProxy */;
		};
		AC162E142A923AE500990143 /* PBXTargetDependency */ = {
			isa = PBXTargetDependency;
			target = AC162DF62A923AE400990143 /* GraphQLNetworkTester */;
			targetProxy = AC162E132A923AE500990143 /* PBXContainerItemProxy */;
		};
/* End PBXTargetDependency section */

/* Begin XCBuildConfiguration section */
		AC162E1A2A923AE500990143 /* Debug */ = {
			isa = XCBuildConfiguration;
			buildSettings = {
				ALWAYS_SEARCH_USER_PATHS = NO;
				CLANG_ANALYZER_NONNULL = YES;
				CLANG_ANALYZER_NUMBER_OBJECT_CONVERSION = YES_AGGRESSIVE;
				CLANG_CXX_LANGUAGE_STANDARD = "gnu++20";
				CLANG_ENABLE_MODULES = YES;
				CLANG_ENABLE_OBJC_ARC = YES;
				CLANG_ENABLE_OBJC_WEAK = YES;
				CLANG_WARN_BLOCK_CAPTURE_AUTORELEASING = YES;
				CLANG_WARN_BOOL_CONVERSION = YES;
				CLANG_WARN_COMMA = YES;
				CLANG_WARN_CONSTANT_CONVERSION = YES;
				CLANG_WARN_DEPRECATED_OBJC_IMPLEMENTATIONS = YES;
				CLANG_WARN_DIRECT_OBJC_ISA_USAGE = YES_ERROR;
				CLANG_WARN_DOCUMENTATION_COMMENTS = YES;
				CLANG_WARN_EMPTY_BODY = YES;
				CLANG_WARN_ENUM_CONVERSION = YES;
				CLANG_WARN_INFINITE_RECURSION = YES;
				CLANG_WARN_INT_CONVERSION = YES;
				CLANG_WARN_NON_LITERAL_NULL_CONVERSION = YES;
				CLANG_WARN_OBJC_IMPLICIT_RETAIN_SELF = YES;
				CLANG_WARN_OBJC_LITERAL_CONVERSION = YES;
				CLANG_WARN_OBJC_ROOT_CLASS = YES_ERROR;
				CLANG_WARN_QUOTED_INCLUDE_IN_FRAMEWORK_HEADER = YES;
				CLANG_WARN_RANGE_LOOP_ANALYSIS = YES;
				CLANG_WARN_STRICT_PROTOTYPES = YES;
				CLANG_WARN_SUSPICIOUS_MOVE = YES;
				CLANG_WARN_UNGUARDED_AVAILABILITY = YES_AGGRESSIVE;
				CLANG_WARN_UNREACHABLE_CODE = YES;
				CLANG_WARN__DUPLICATE_METHOD_MATCH = YES;
				COPY_PHASE_STRIP = NO;
				DEBUG_INFORMATION_FORMAT = dwarf;
				ENABLE_STRICT_OBJC_MSGSEND = YES;
				ENABLE_TESTABILITY = YES;
				GCC_C_LANGUAGE_STANDARD = gnu11;
				GCC_DYNAMIC_NO_PIC = NO;
				GCC_NO_COMMON_BLOCKS = YES;
				GCC_OPTIMIZATION_LEVEL = 0;
				GCC_PREPROCESSOR_DEFINITIONS = (
					"DEBUG=1",
					"$(inherited)",
				);
				GCC_WARN_64_TO_32_BIT_CONVERSION = YES;
				GCC_WARN_ABOUT_RETURN_TYPE = YES_ERROR;
				GCC_WARN_UNDECLARED_SELECTOR = YES;
				GCC_WARN_UNINITIALIZED_AUTOS = YES_AGGRESSIVE;
				GCC_WARN_UNUSED_FUNCTION = YES;
				GCC_WARN_UNUSED_VARIABLE = YES;
				MACOSX_DEPLOYMENT_TARGET = 13.3;
				MTL_ENABLE_DEBUG_INFO = INCLUDE_SOURCE;
				MTL_FAST_MATH = YES;
				ONLY_ACTIVE_ARCH = YES;
				SDKROOT = macosx;
				SWIFT_ACTIVE_COMPILATION_CONDITIONS = DEBUG;
				SWIFT_OPTIMIZATION_LEVEL = "-Onone";
			};
			name = Debug;
		};
		AC162E1B2A923AE500990143 /* Release */ = {
			isa = XCBuildConfiguration;
			buildSettings = {
				ALWAYS_SEARCH_USER_PATHS = NO;
				CLANG_ANALYZER_NONNULL = YES;
				CLANG_ANALYZER_NUMBER_OBJECT_CONVERSION = YES_AGGRESSIVE;
				CLANG_CXX_LANGUAGE_STANDARD = "gnu++20";
				CLANG_ENABLE_MODULES = YES;
				CLANG_ENABLE_OBJC_ARC = YES;
				CLANG_ENABLE_OBJC_WEAK = YES;
				CLANG_WARN_BLOCK_CAPTURE_AUTORELEASING = YES;
				CLANG_WARN_BOOL_CONVERSION = YES;
				CLANG_WARN_COMMA = YES;
				CLANG_WARN_CONSTANT_CONVERSION = YES;
				CLANG_WARN_DEPRECATED_OBJC_IMPLEMENTATIONS = YES;
				CLANG_WARN_DIRECT_OBJC_ISA_USAGE = YES_ERROR;
				CLANG_WARN_DOCUMENTATION_COMMENTS = YES;
				CLANG_WARN_EMPTY_BODY = YES;
				CLANG_WARN_ENUM_CONVERSION = YES;
				CLANG_WARN_INFINITE_RECURSION = YES;
				CLANG_WARN_INT_CONVERSION = YES;
				CLANG_WARN_NON_LITERAL_NULL_CONVERSION = YES;
				CLANG_WARN_OBJC_IMPLICIT_RETAIN_SELF = YES;
				CLANG_WARN_OBJC_LITERAL_CONVERSION = YES;
				CLANG_WARN_OBJC_ROOT_CLASS = YES_ERROR;
				CLANG_WARN_QUOTED_INCLUDE_IN_FRAMEWORK_HEADER = YES;
				CLANG_WARN_RANGE_LOOP_ANALYSIS = YES;
				CLANG_WARN_STRICT_PROTOTYPES = YES;
				CLANG_WARN_SUSPICIOUS_MOVE = YES;
				CLANG_WARN_UNGUARDED_AVAILABILITY = YES_AGGRESSIVE;
				CLANG_WARN_UNREACHABLE_CODE = YES;
				CLANG_WARN__DUPLICATE_METHOD_MATCH = YES;
				COPY_PHASE_STRIP = NO;
				DEBUG_INFORMATION_FORMAT = "dwarf-with-dsym";
				ENABLE_NS_ASSERTIONS = NO;
				ENABLE_STRICT_OBJC_MSGSEND = YES;
				GCC_C_LANGUAGE_STANDARD = gnu11;
				GCC_NO_COMMON_BLOCKS = YES;
				GCC_WARN_64_TO_32_BIT_CONVERSION = YES;
				GCC_WARN_ABOUT_RETURN_TYPE = YES_ERROR;
				GCC_WARN_UNDECLARED_SELECTOR = YES;
				GCC_WARN_UNINITIALIZED_AUTOS = YES_AGGRESSIVE;
				GCC_WARN_UNUSED_FUNCTION = YES;
				GCC_WARN_UNUSED_VARIABLE = YES;
				MACOSX_DEPLOYMENT_TARGET = 13.3;
				MTL_ENABLE_DEBUG_INFO = NO;
				MTL_FAST_MATH = YES;
				SDKROOT = macosx;
				SWIFT_COMPILATION_MODE = wholemodule;
				SWIFT_OPTIMIZATION_LEVEL = "-O";
			};
			name = Release;
		};
		AC162E1D2A923AE500990143 /* Debug */ = {
			isa = XCBuildConfiguration;
			buildSettings = {
				ASSETCATALOG_COMPILER_APPICON_NAME = AppIcon;
				ASSETCATALOG_COMPILER_GLOBAL_ACCENT_COLOR_NAME = AccentColor;
				CODE_SIGN_ENTITLEMENTS = GraphQLNetworkTester/GraphQLNetworkTester.entitlements;
				CODE_SIGN_STYLE = Automatic;
				COMBINE_HIDPI_IMAGES = YES;
				CURRENT_PROJECT_VERSION = 1;
				DEVELOPMENT_ASSET_PATHS = "\"GraphQLNetworkTester/Preview Content\"";
				DEVELOPMENT_TEAM = BM8U9T4CJ6;
				ENABLE_HARDENED_RUNTIME = YES;
				ENABLE_PREVIEWS = YES;
				GENERATE_INFOPLIST_FILE = YES;
				INFOPLIST_KEY_NSHumanReadableCopyright = "";
				LD_RUNPATH_SEARCH_PATHS = (
					"$(inherited)",
					"@executable_path/../Frameworks",
				);
				MARKETING_VERSION = 1.0;
				PRODUCT_BUNDLE_IDENTIFIER = com.dacharycarey.GraphQLNetworkTester;
				PRODUCT_NAME = "$(TARGET_NAME)";
				SWIFT_EMIT_LOC_STRINGS = YES;
				SWIFT_VERSION = 5.0;
			};
			name = Debug;
		};
		AC162E1E2A923AE500990143 /* Release */ = {
			isa = XCBuildConfiguration;
			buildSettings = {
				ASSETCATALOG_COMPILER_APPICON_NAME = AppIcon;
				ASSETCATALOG_COMPILER_GLOBAL_ACCENT_COLOR_NAME = AccentColor;
				CODE_SIGN_ENTITLEMENTS = GraphQLNetworkTester/GraphQLNetworkTester.entitlements;
				CODE_SIGN_STYLE = Automatic;
				COMBINE_HIDPI_IMAGES = YES;
				CURRENT_PROJECT_VERSION = 1;
				DEVELOPMENT_ASSET_PATHS = "\"GraphQLNetworkTester/Preview Content\"";
				DEVELOPMENT_TEAM = BM8U9T4CJ6;
				ENABLE_HARDENED_RUNTIME = YES;
				ENABLE_PREVIEWS = YES;
				GENERATE_INFOPLIST_FILE = YES;
				INFOPLIST_KEY_NSHumanReadableCopyright = "";
				LD_RUNPATH_SEARCH_PATHS = (
					"$(inherited)",
					"@executable_path/../Frameworks",
				);
				MARKETING_VERSION = 1.0;
				PRODUCT_BUNDLE_IDENTIFIER = com.dacharycarey.GraphQLNetworkTester;
				PRODUCT_NAME = "$(TARGET_NAME)";
				SWIFT_EMIT_LOC_STRINGS = YES;
				SWIFT_VERSION = 5.0;
			};
			name = Release;
		};
		AC162E202A923AE500990143 /* Debug */ = {
			isa = XCBuildConfiguration;
			buildSettings = {
				ALWAYS_EMBED_SWIFT_STANDARD_LIBRARIES = YES;
				BUNDLE_LOADER = "$(TEST_HOST)";
				CODE_SIGN_STYLE = Automatic;
				CURRENT_PROJECT_VERSION = 1;
				DEVELOPMENT_TEAM = BM8U9T4CJ6;
				GENERATE_INFOPLIST_FILE = YES;
				MACOSX_DEPLOYMENT_TARGET = 13.3;
				MARKETING_VERSION = 1.0;
				PRODUCT_BUNDLE_IDENTIFIER = com.dacharycarey.GraphQLNetworkTesterTests;
				PRODUCT_NAME = "$(TARGET_NAME)";
				SWIFT_EMIT_LOC_STRINGS = NO;
				SWIFT_VERSION = 5.0;
				TEST_HOST = "$(BUILT_PRODUCTS_DIR)/GraphQLNetworkTester.app/$(BUNDLE_EXECUTABLE_FOLDER_PATH)/GraphQLNetworkTester";
			};
			name = Debug;
		};
		AC162E212A923AE500990143 /* Release */ = {
			isa = XCBuildConfiguration;
			buildSettings = {
				ALWAYS_EMBED_SWIFT_STANDARD_LIBRARIES = YES;
				BUNDLE_LOADER = "$(TEST_HOST)";
				CODE_SIGN_STYLE = Automatic;
				CURRENT_PROJECT_VERSION = 1;
				DEVELOPMENT_TEAM = BM8U9T4CJ6;
				GENERATE_INFOPLIST_FILE = YES;
				MACOSX_DEPLOYMENT_TARGET = 13.3;
				MARKETING_VERSION = 1.0;
				PRODUCT_BUNDLE_IDENTIFIER = com.dacharycarey.GraphQLNetworkTesterTests;
				PRODUCT_NAME = "$(TARGET_NAME)";
				SWIFT_EMIT_LOC_STRINGS = NO;
				SWIFT_VERSION = 5.0;
				TEST_HOST = "$(BUILT_PRODUCTS_DIR)/GraphQLNetworkTester.app/$(BUNDLE_EXECUTABLE_FOLDER_PATH)/GraphQLNetworkTester";
			};
			name = Release;
		};
		AC162E232A923AE500990143 /* Debug */ = {
			isa = XCBuildConfiguration;
			buildSettings = {
				ALWAYS_EMBED_SWIFT_STANDARD_LIBRARIES = YES;
				CODE_SIGN_STYLE = Automatic;
				CURRENT_PROJECT_VERSION = 1;
				DEVELOPMENT_TEAM = BM8U9T4CJ6;
				GENERATE_INFOPLIST_FILE = YES;
				MARKETING_VERSION = 1.0;
				PRODUCT_BUNDLE_IDENTIFIER = com.dacharycarey.GraphQLNetworkTesterUITests;
				PRODUCT_NAME = "$(TARGET_NAME)";
				SWIFT_EMIT_LOC_STRINGS = NO;
				SWIFT_VERSION = 5.0;
				TEST_TARGET_NAME = GraphQLNetworkTester;
			};
			name = Debug;
		};
		AC162E242A923AE500990143 /* Release */ = {
			isa = XCBuildConfiguration;
			buildSettings = {
				ALWAYS_EMBED_SWIFT_STANDARD_LIBRARIES = YES;
				CODE_SIGN_STYLE = Automatic;
				CURRENT_PROJECT_VERSION = 1;
				DEVELOPMENT_TEAM = BM8U9T4CJ6;
				GENERATE_INFOPLIST_FILE = YES;
				MARKETING_VERSION = 1.0;
				PRODUCT_BUNDLE_IDENTIFIER = com.dacharycarey.GraphQLNetworkTesterUITests;
				PRODUCT_NAME = "$(TARGET_NAME)";
				SWIFT_EMIT_LOC_STRINGS = NO;
				SWIFT_VERSION = 5.0;
				TEST_TARGET_NAME = GraphQLNetworkTester;
			};
			name = Release;
		};
/* End XCBuildConfiguration section */

/* Begin XCConfigurationList section */
		AC162DF22A923AE400990143 /* Build configuration list for PBXProject "GraphQLNetworkTester" */ = {
			isa = XCConfigurationList;
			buildConfigurations = (
				AC162E1A2A923AE500990143 /* Debug */,
				AC162E1B2A923AE500990143 /* Release */,
			);
			defaultConfigurationIsVisible = 0;
			defaultConfigurationName = Release;
		};
		AC162E1C2A923AE500990143 /* Build configuration list for PBXNativeTarget "GraphQLNetworkTester" */ = {
			isa = XCConfigurationList;
			buildConfigurations = (
				AC162E1D2A923AE500990143 /* Debug */,
				AC162E1E2A923AE500990143 /* Release */,
			);
			defaultConfigurationIsVisible = 0;
			defaultConfigurationName = Release;
		};
		AC162E1F2A923AE500990143 /* Build configuration list for PBXNativeTarget "GraphQLNetworkTesterTests" */ = {
			isa = XCConfigurationList;
			buildConfigurations = (
				AC162E202A923AE500990143 /* Debug */,
				AC162E212A923AE500990143 /* Release */,
			);
			defaultConfigurationIsVisible = 0;
			defaultConfigurationName = Release;
		};
		AC162E222A923AE500990143 /* Build configuration list for PBXNativeTarget "GraphQLNetworkTesterUITests" */ = {
			isa = XCConfigurationList;
			buildConfigurations = (
				AC162E232A923AE500990143 /* Debug */,
				AC162E242A923AE500990143 /* Release */,
			);
			defaultConfigurationIsVisible = 0;
			defaultConfigurationName = Release;
		};
/* End XCConfigurationList section */
	};
	rootObject = AC162DEF2A923AE400990143 /* Project object */;
}
